
Microsoft Visual Studio Solution File, Format Version 12.00
# Visual Studio Version 16
VisualStudioVersion = 16.0.31321.278
MinimumVisualStudioVersion = 10.0.40219.1
Project("{FAE04EC0-301F-11D3-BF4B-00C04F79EFBC}") = "InstagramClone.DAL", "InstagramClone.DAL\InstagramClone.DAL.csproj", "{C58FD3F5-409F-48DC-824A-16753163FFB8}"
EndProject
Project("{FAE04EC0-301F-11D3-BF4B-00C04F79EFBC}") = "TestApp", "TestApp\TestApp.csproj", "{0F16AB19-B14D-4F9A-B6ED-8DE3345F5DA8}"
EndProject
Global
	GlobalSection(SolutionConfigurationPlatforms) = preSolution
		Debug|Any CPU = Debug|Any CPU
		Release|Any CPU = Release|Any CPU
	EndGlobalSection
	GlobalSection(ProjectConfigurationPlatforms) = postSolution
		{C58FD3F5-409F-48DC-824A-16753163FFB8}.Debug|Any CPU.ActiveCfg = Debug|Any CPU
		{C58FD3F5-409F-48DC-824A-16753163FFB8}.Debug|Any CPU.Build.0 = Debug|Any CPU
		{C58FD3F5-409F-48DC-824A-16753163FFB8}.Release|Any CPU.ActiveCfg = Release|Any CPU
		{C58FD3F5-409F-48DC-824A-16753163FFB8}.Release|Any CPU.Build.0 = Release|Any CPU
		{0F16AB19-B14D-4F9A-B6ED-8DE3345F5DA8}.Debug|Any CPU.ActiveCfg = Debug|Any CPU
		{0F16AB19-B14D-4F9A-B6ED-8DE3345F5DA8}.Debug|Any CPU.Build.0 = Debug|Any CPU
		{0F16AB19-B14D-4F9A-B6ED-8DE3345F5DA8}.Release|Any CPU.ActiveCfg = Release|Any CPU
		{0F16AB19-B14D-4F9A-B6ED-8DE3345F5DA8}.Release|Any CPU.Build.0 = Release|Any CPU
	EndGlobalSection
	GlobalSection(SolutionProperties) = preSolution
		HideSolutionNode = FALSE
	EndGlobalSection
	GlobalSection(ExtensibilityGlobals) = postSolution
		SolutionGuid = {AB0A7740-F296-4B03-8E7B-16B4A70E31F0}
	EndGlobalSection
EndGlobal
